
Microsoft Visual Studio Solution File, Format Version 12.00
# Visual Studio Version 17
VisualStudioVersion = 17.0.31903.59
MinimumVisualStudioVersion = 10.0.40219.1
Project("{FAE04EC0-301F-11D3-BF4B-00C04F79EFBC}") = "API", "API\API.csproj", "{D6C776C3-E3E0-45BA-9B80-754F74E6AA99}"
EndProject
Project("{FAE04EC0-301F-11D3-BF4B-00C04F79EFBC}") = "Domain", "Domain\Domain.csproj", "{ECBBEB7C-47D5-4FB0-AA5F-841C7A0C3519}"
EndProject
Project("{FAE04EC0-301F-11D3-BF4B-00C04F79EFBC}") = "Persistence", "Persistence\Persistence.csproj", "{BC3A9E32-2E3E-4927-9FD6-9DFEC97C1827}"
EndProject
Project("{FAE04EC0-301F-11D3-BF4B-00C04F79EFBC}") = "Application", "Application\Application.csproj", "{FE9ED7B6-CCBF-43D0-9329-8A5B304EEAB4}"
EndProject
Global
	GlobalSection(SolutionConfigurationPlatforms) = preSolution
		Debug|Any CPU = Debug|Any CPU
		Release|Any CPU = Release|Any CPU
	EndGlobalSection
	GlobalSection(SolutionProperties) = preSolution
		HideSolutionNode = FALSE
	EndGlobalSection
	GlobalSection(ProjectConfigurationPlatforms) = postSolution
		{D6C776C3-E3E0-45BA-9B80-754F74E6AA99}.Debug|Any CPU.ActiveCfg = Debug|Any CPU
		{D6C776C3-E3E0-45BA-9B80-754F74E6AA99}.Debug|Any CPU.Build.0 = Debug|Any CPU
		{D6C776C3-E3E0-45BA-9B80-754F74E6AA99}.Release|Any CPU.ActiveCfg = Release|Any CPU
		{D6C776C3-E3E0-45BA-9B80-754F74E6AA99}.Release|Any CPU.Build.0 = Release|Any CPU
		{ECBBEB7C-47D5-4FB0-AA5F-841C7A0C3519}.Debug|Any CPU.ActiveCfg = Debug|Any CPU
		{ECBBEB7C-47D5-4FB0-AA5F-841C7A0C3519}.Debug|Any CPU.Build.0 = Debug|Any CPU
		{ECBBEB7C-47D5-4FB0-AA5F-841C7A0C3519}.Release|Any CPU.ActiveCfg = Release|Any CPU
		{ECBBEB7C-47D5-4FB0-AA5F-841C7A0C3519}.Release|Any CPU.Build.0 = Release|Any CPU
		{BC3A9E32-2E3E-4927-9FD6-9DFEC97C1827}.Debug|Any CPU.ActiveCfg = Debug|Any CPU
		{BC3A9E32-2E3E-4927-9FD6-9DFEC97C1827}.Debug|Any CPU.Build.0 = Debug|Any CPU
		{BC3A9E32-2E3E-4927-9FD6-9DFEC97C1827}.Release|Any CPU.ActiveCfg = Release|Any CPU
		{BC3A9E32-2E3E-4927-9FD6-9DFEC97C1827}.Release|Any CPU.Build.0 = Release|Any CPU
		{FE9ED7B6-CCBF-43D0-9329-8A5B304EEAB4}.Debug|Any CPU.ActiveCfg = Debug|Any CPU
		{FE9ED7B6-CCBF-43D0-9329-8A5B304EEAB4}.Debug|Any CPU.Build.0 = Debug|Any CPU
		{FE9ED7B6-CCBF-43D0-9329-8A5B304EEAB4}.Release|Any CPU.ActiveCfg = Release|Any CPU
		{FE9ED7B6-CCBF-43D0-9329-8A5B304EEAB4}.Release|Any CPU.Build.0 = Release|Any CPU
	EndGlobalSection
EndGlobal
